
Microsoft Visual Studio Solution File, Format Version 12.00
# Visual Studio 15
VisualStudioVersion = 15.0.28010.2026
MinimumVisualStudioVersion = 10.0.40219.1
Project("{FAE04EC0-301F-11D3-BF4B-00C04F79EFBC}") = "Kopie!", "DesktopApp3\Kopie!.csproj", "{0CE1E86E-C7CD-42FD-B64F-97749D0FFB81}"
EndProject
Global
	GlobalSection(SolutionConfigurationPlatforms) = preSolution
		Debug|Any CPU = Debug|Any CPU
		Release|Any CPU = Release|Any CPU
	EndGlobalSection
	GlobalSection(ProjectConfigurationPlatforms) = postSolution
		{0CE1E86E-C7CD-42FD-B64F-97749D0FFB81}.Debug|Any CPU.ActiveCfg = Debug|Any CPU
		{0CE1E86E-C7CD-42FD-B64F-97749D0FFB81}.Debug|Any CPU.Build.0 = Debug|Any CPU
		{0CE1E86E-C7CD-42FD-B64F-97749D0FFB81}.Release|Any CPU.ActiveCfg = Release|Any CPU
		{0CE1E86E-C7CD-42FD-B64F-97749D0FFB81}.Release|Any CPU.Build.0 = Release|Any CPU
	EndGlobalSection
	GlobalSection(SolutionProperties) = preSolution
		HideSolutionNode = FALSE
	EndGlobalSection
	GlobalSection(ExtensibilityGlobals) = postSolution
		SolutionGuid = {799D95C4-C70A-4809-AFB7-C4AA6BED7646}
	EndGlobalSection
EndGlobal
